// !$*UTF8*$!
{
	archiveVersion = 1;
	classes = {
	};
	objectVersion = 50;
	objects = {

/* Begin PBXBuildFile section */
		7A3C0DC2239AFC3200A641DA /* ProfileTableViewCell.swift in Sources */ = {isa = PBXBuildFile; fileRef = 7A3C0DC1239AFC3200A641DA /* ProfileTableViewCell.swift */; };
		7A4F430F239B03E3001BC31A /* MakeTasteViewController.swift in Sources */ = {isa = PBXBuildFile; fileRef = 7A4F430E239B03E3001BC31A /* MakeTasteViewController.swift */; };
		7A4F4311239B0521001BC31A /* CategoriesTableViewController.swift in Sources */ = {isa = PBXBuildFile; fileRef = 7A4F4310239B0521001BC31A /* CategoriesTableViewController.swift */; };
		7A4F4317239B26B5001BC31A /* TasteDB.swift in Sources */ = {isa = PBXBuildFile; fileRef = 7A4F4316239B26B5001BC31A /* TasteDB.swift */; };
		7A75B5D8239AB8CE007043D4 /* AppDelegate.swift in Sources */ = {isa = PBXBuildFile; fileRef = 7A75B5D7239AB8CE007043D4 /* AppDelegate.swift */; };
		7A75B5DA239AB8CE007043D4 /* SceneDelegate.swift in Sources */ = {isa = PBXBuildFile; fileRef = 7A75B5D9239AB8CE007043D4 /* SceneDelegate.swift */; };
		7A75B5DC239AB8CE007043D4 /* ViewController.swift in Sources */ = {isa = PBXBuildFile; fileRef = 7A75B5DB239AB8CE007043D4 /* ViewController.swift */; };
		7A75B5DF239AB8CE007043D4 /* Main.storyboard in Resources */ = {isa = PBXBuildFile; fileRef = 7A75B5DD239AB8CE007043D4 /* Main.storyboard */; };
		7A75B5E1239AB8CF007043D4 /* Assets.xcassets in Resources */ = {isa = PBXBuildFile; fileRef = 7A75B5E0239AB8CF007043D4 /* Assets.xcassets */; };
		7A75B5E4239AB8CF007043D4 /* LaunchScreen.storyboard in Resources */ = {isa = PBXBuildFile; fileRef = 7A75B5E2239AB8CF007043D4 /* LaunchScreen.storyboard */; };
		7A75B5EC239ABBED007043D4 /* GoogleService-Info.plist in Resources */ = {isa = PBXBuildFile; fileRef = 7A75B5EB239ABBED007043D4 /* GoogleService-Info.plist */; };
		7A75B5EE239AD443007043D4 /* TasteMakeViewController.swift in Sources */ = {isa = PBXBuildFile; fileRef = 7A75B5ED239AD443007043D4 /* TasteMakeViewController.swift */; };
		7A75B5F2239AD612007043D4 /* CategoryTableViewCell.swift in Sources */ = {isa = PBXBuildFile; fileRef = 7A75B5F1239AD612007043D4 /* CategoryTableViewCell.swift */; };
		7A75B5F4239ADD62007043D4 /* Category.swift in Sources */ = {isa = PBXBuildFile; fileRef = 7A75B5F3239ADD62007043D4 /* Category.swift */; };
		7A75B5FC239AE269007043D4 /* VoteViewController.swift in Sources */ = {isa = PBXBuildFile; fileRef = 7A75B5FB239AE269007043D4 /* VoteViewController.swift */; };
		7A75B5FE239AEED4007043D4 /* ProfileViewController.swift in Sources */ = {isa = PBXBuildFile; fileRef = 7A75B5FD239AEED4007043D4 /* ProfileViewController.swift */; };
		7AB0DF60239B38CF006B5456 /* Extentions.swift in Sources */ = {isa = PBXBuildFile; fileRef = 7AB0DF5F239B38CF006B5456 /* Extentions.swift */; };
		DE46960368966560E429BB76 /* Pods_Tastebuds.framework in Frameworks */ = {isa = PBXBuildFile; fileRef = 4E010466F9219CEA2A25C434 /* Pods_Tastebuds.framework */; };
/* End PBXBuildFile section */

/* Begin PBXFileReference section */
		3CB067F936E45468E0D6A362 /* Pods-Tastebuds.release.xcconfig */ = {isa = PBXFileReference; includeInIndex = 1; lastKnownFileType = text.xcconfig; name = "Pods-Tastebuds.release.xcconfig"; path = "Pods/Target Support Files/Pods-Tastebuds/Pods-Tastebuds.release.xcconfig"; sourceTree = "<group>"; };
		4E010466F9219CEA2A25C434 /* Pods_Tastebuds.framework */ = {isa = PBXFileReference; explicitFileType = wrapper.framework; includeInIndex = 0; path = Pods_Tastebuds.framework; sourceTree = BUILT_PRODUCTS_DIR; };
		7A3C0DC1239AFC3200A641DA /* ProfileTableViewCell.swift */ = {isa = PBXFileReference; lastKnownFileType = sourcecode.swift; path = ProfileTableViewCell.swift; sourceTree = "<group>"; };
		7A4F430E239B03E3001BC31A /* MakeTasteViewController.swift */ = {isa = PBXFileReference; lastKnownFileType = sourcecode.swift; path = MakeTasteViewController.swift; sourceTree = "<group>"; };
		7A4F4310239B0521001BC31A /* CategoriesTableViewController.swift */ = {isa = PBXFileReference; fileEncoding = 4; lastKnownFileType = sourcecode.swift; path = CategoriesTableViewController.swift; sourceTree = "<group>"; };
		7A4F4316239B26B5001BC31A /* TasteDB.swift */ = {isa = PBXFileReference; fileEncoding = 4; lastKnownFileType = sourcecode.swift; path = TasteDB.swift; sourceTree = "<group>"; };
		7A75B5D4239AB8CE007043D4 /* Tastebuds.app */ = {isa = PBXFileReference; explicitFileType = wrapper.application; includeInIndex = 0; path = Tastebuds.app; sourceTree = BUILT_PRODUCTS_DIR; };
		7A75B5D7239AB8CE007043D4 /* AppDelegate.swift */ = {isa = PBXFileReference; lastKnownFileType = sourcecode.swift; path = AppDelegate.swift; sourceTree = "<group>"; };
		7A75B5D9239AB8CE007043D4 /* SceneDelegate.swift */ = {isa = PBXFileReference; lastKnownFileType = sourcecode.swift; path = SceneDelegate.swift; sourceTree = "<group>"; };
		7A75B5DB239AB8CE007043D4 /* ViewController.swift */ = {isa = PBXFileReference; lastKnownFileType = sourcecode.swift; path = ViewController.swift; sourceTree = "<group>"; };
		7A75B5DE239AB8CE007043D4 /* Base */ = {isa = PBXFileReference; lastKnownFileType = file.storyboard; name = Base; path = Base.lproj/Main.storyboard; sourceTree = "<group>"; };
		7A75B5E0239AB8CF007043D4 /* Assets.xcassets */ = {isa = PBXFileReference; lastKnownFileType = folder.assetcatalog; path = Assets.xcassets; sourceTree = "<group>"; };
		7A75B5E3239AB8CF007043D4 /* Base */ = {isa = PBXFileReference; lastKnownFileType = file.storyboard; name = Base; path = Base.lproj/LaunchScreen.storyboard; sourceTree = "<group>"; };
		7A75B5E5239AB8CF007043D4 /* Info.plist */ = {isa = PBXFileReference; lastKnownFileType = text.plist.xml; path = Info.plist; sourceTree = "<group>"; };
		7A75B5EB239ABBED007043D4 /* GoogleService-Info.plist */ = {isa = PBXFileReference; fileEncoding = 4; lastKnownFileType = text.plist.xml; path = "GoogleService-Info.plist"; sourceTree = "<group>"; };
		7A75B5ED239AD443007043D4 /* TasteMakeViewController.swift */ = {isa = PBXFileReference; lastKnownFileType = sourcecode.swift; path = TasteMakeViewController.swift; sourceTree = "<group>"; };
		7A75B5F1239AD612007043D4 /* CategoryTableViewCell.swift */ = {isa = PBXFileReference; lastKnownFileType = sourcecode.swift; path = CategoryTableViewCell.swift; sourceTree = "<group>"; };
		7A75B5F3239ADD62007043D4 /* Category.swift */ = {isa = PBXFileReference; lastKnownFileType = sourcecode.swift; path = Category.swift; sourceTree = "<group>"; };
		7A75B5FB239AE269007043D4 /* VoteViewController.swift */ = {isa = PBXFileReference; lastKnownFileType = sourcecode.swift; path = VoteViewController.swift; sourceTree = "<group>"; };
		7A75B5FD239AEED4007043D4 /* ProfileViewController.swift */ = {isa = PBXFileReference; lastKnownFileType = sourcecode.swift; path = ProfileViewController.swift; sourceTree = "<group>"; };
		7AB0DF5F239B38CF006B5456 /* Extentions.swift */ = {isa = PBXFileReference; fileEncoding = 4; lastKnownFileType = sourcecode.swift; path = Extentions.swift; sourceTree = "<group>"; };
		80F3DD91F444235D64549EB7 /* Pods-Tastebuds.debug.xcconfig */ = {isa = PBXFileReference; includeInIndex = 1; lastKnownFileType = text.xcconfig; name = "Pods-Tastebuds.debug.xcconfig"; path = "Pods/Target Support Files/Pods-Tastebuds/Pods-Tastebuds.debug.xcconfig"; sourceTree = "<group>"; };
/* End PBXFileReference section */

/* Begin PBXFrameworksBuildPhase section */
		7A75B5D1239AB8CE007043D4 /* Frameworks */ = {
			isa = PBXFrameworksBuildPhase;
			buildActionMask = 2147483647;
			files = (
				DE46960368966560E429BB76 /* Pods_Tastebuds.framework in Frameworks */,
			);
			runOnlyForDeploymentPostprocessing = 0;
		};
/* End PBXFrameworksBuildPhase section */

/* Begin PBXGroup section */
		1F9D501690EC3059193779F6 /* Frameworks */ = {
			isa = PBXGroup;
			children = (
				4E010466F9219CEA2A25C434 /* Pods_Tastebuds.framework */,
			);
			name = Frameworks;
			sourceTree = "<group>";
		};
		7A3C0DC0239AFC1000A641DA /* Profile */ = {
			isa = PBXGroup;
			children = (
				7A75B5FD239AEED4007043D4 /* ProfileViewController.swift */,
				7A3C0DC1239AFC3200A641DA /* ProfileTableViewCell.swift */,
			);
			path = Profile;
			sourceTree = "<group>";
		};
		7A75B5CB239AB8CE007043D4 = {
			isa = PBXGroup;
			children = (
				7A75B5D6239AB8CE007043D4 /* Tastebuds */,
				7A75B5D5239AB8CE007043D4 /* Products */,
				E9C586199116BE99CCF1DF7D /* Pods */,
				1F9D501690EC3059193779F6 /* Frameworks */,
			);
			sourceTree = "<group>";
		};
		7A75B5D5239AB8CE007043D4 /* Products */ = {
			isa = PBXGroup;
			children = (
				7A75B5D4239AB8CE007043D4 /* Tastebuds.app */,
			);
			name = Products;
			sourceTree = "<group>";
		};
		7A75B5D6239AB8CE007043D4 /* Tastebuds */ = {
			isa = PBXGroup;
			children = (
				7A75B5D7239AB8CE007043D4 /* AppDelegate.swift */,
				7A75B5D9239AB8CE007043D4 /* SceneDelegate.swift */,
				7A75B5DB239AB8CE007043D4 /* ViewController.swift */,
				7A75B5ED239AD443007043D4 /* TasteMakeViewController.swift */,
				7A4F430E239B03E3001BC31A /* MakeTasteViewController.swift */,
				7A3C0DC0239AFC1000A641DA /* Profile */,
				7A75B5F6239AE20F007043D4 /* Youtube */,
				7A75B5F5239ADD7D007043D4 /* Category */,
				7A75B5DD239AB8CE007043D4 /* Main.storyboard */,
				7A75B5E0239AB8CF007043D4 /* Assets.xcassets */,
				7A75B5E2239AB8CF007043D4 /* LaunchScreen.storyboard */,
				7A75B5E5239AB8CF007043D4 /* Info.plist */,
				7A75B5EB239ABBED007043D4 /* GoogleService-Info.plist */,
				7A4F4316239B26B5001BC31A /* TasteDB.swift */,
				7AB0DF5F239B38CF006B5456 /* Extentions.swift */,
			);
			path = Tastebuds;
			sourceTree = "<group>";
		};
		7A75B5F5239ADD7D007043D4 /* Category */ = {
			isa = PBXGroup;
			children = (
				7A4F4310239B0521001BC31A /* CategoriesTableViewController.swift */,
				7A75B5F1239AD612007043D4 /* CategoryTableViewCell.swift */,
				7A75B5F3239ADD62007043D4 /* Category.swift */,
			);
			path = Category;
			sourceTree = "<group>";
		};
		7A75B5F6239AE20F007043D4 /* Youtube */ = {
			isa = PBXGroup;
			children = (
				7A75B5FB239AE269007043D4 /* VoteViewController.swift */,
			);
			path = Youtube;
			sourceTree = "<group>";
		};
		E9C586199116BE99CCF1DF7D /* Pods */ = {
			isa = PBXGroup;
			children = (
				80F3DD91F444235D64549EB7 /* Pods-Tastebuds.debug.xcconfig */,
				3CB067F936E45468E0D6A362 /* Pods-Tastebuds.release.xcconfig */,
			);
			name = Pods;
			sourceTree = "<group>";
		};
/* End PBXGroup section */

/* Begin PBXNativeTarget section */
		7A75B5D3239AB8CE007043D4 /* Tastebuds */ = {
			isa = PBXNativeTarget;
			buildConfigurationList = 7A75B5E8239AB8CF007043D4 /* Build configuration list for PBXNativeTarget "Tastebuds" */;
			buildPhases = (
				3A769BDF50B807670C57F533 /* [CP] Check Pods Manifest.lock */,
				7A75B5D0239AB8CE007043D4 /* Sources */,
				7A75B5D1239AB8CE007043D4 /* Frameworks */,
				7A75B5D2239AB8CE007043D4 /* Resources */,
				2893524970F30D2DE5B72D52 /* [CP] Embed Pods Frameworks */,
			);
			buildRules = (
			);
			dependencies = (
			);
			name = Tastebuds;
			productName = Tastebuds;
			productReference = 7A75B5D4239AB8CE007043D4 /* Tastebuds.app */;
			productType = "com.apple.product-type.application";
		};
/* End PBXNativeTarget section */

/* Begin PBXProject section */
		7A75B5CC239AB8CE007043D4 /* Project object */ = {
			isa = PBXProject;
			attributes = {
				LastSwiftUpdateCheck = 1120;
				LastUpgradeCheck = 1120;
				ORGANIZATIONNAME = iForsan;
				TargetAttributes = {
					7A75B5D3239AB8CE007043D4 = {
						CreatedOnToolsVersion = 11.2.1;
					};
				};
			};
			buildConfigurationList = 7A75B5CF239AB8CE007043D4 /* Build configuration list for PBXProject "Tastebuds" */;
			compatibilityVersion = "Xcode 9.3";
			developmentRegion = en;
			hasScannedForEncodings = 0;
			knownRegions = (
				en,
				Base,
			);
			mainGroup = 7A75B5CB239AB8CE007043D4;
			productRefGroup = 7A75B5D5239AB8CE007043D4 /* Products */;
			projectDirPath = "";
			projectRoot = "";
			targets = (
				7A75B5D3239AB8CE007043D4 /* Tastebuds */,
			);
		};
/* End PBXProject section */

/* Begin PBXResourcesBuildPhase section */
		7A75B5D2239AB8CE007043D4 /* Resources */ = {
			isa = PBXResourcesBuildPhase;
			buildActionMask = 2147483647;
			files = (
				7A75B5E4239AB8CF007043D4 /* LaunchScreen.storyboard in Resources */,
				7A75B5EC239ABBED007043D4 /* GoogleService-Info.plist in Resources */,
				7A75B5E1239AB8CF007043D4 /* Assets.xcassets in Resources */,
				7A75B5DF239AB8CE007043D4 /* Main.storyboard in Resources */,
			);
			runOnlyForDeploymentPostprocessing = 0;
		};
/* End PBXResourcesBuildPhase section */

/* Begin PBXShellScriptBuildPhase section */
		2893524970F30D2DE5B72D52 /* [CP] Embed Pods Frameworks */ = {
			isa = PBXShellScriptBuildPhase;
			buildActionMask = 2147483647;
			files = (
			);
			inputFileListPaths = (
			);
			inputPaths = (
				"${SRCROOT}/Pods/Target Support Files/Pods-Tastebuds/Pods-Tastebuds-frameworks.sh",
				"${BUILT_PRODUCTS_DIR}/DynamicBlurView/DynamicBlurView.framework",
				"${BUILT_PRODUCTS_DIR}/IQKeyboardManagerSwift/IQKeyboardManagerSwift.framework",
				"${BUILT_PRODUCTS_DIR}/NVActivityIndicatorView/NVActivityIndicatorView.framework",
				"${BUILT_PRODUCTS_DIR}/SQLite.swift/SQLite.framework",
				"${BUILT_PRODUCTS_DIR}/SkyFloatingLabelTextField/SkyFloatingLabelTextField.framework",
				"${BUILT_PRODUCTS_DIR}/YoutubePlayerView/YoutubePlayerView.framework",
			);
			name = "[CP] Embed Pods Frameworks";
			outputFileListPaths = (
			);
			outputPaths = (
				"${TARGET_BUILD_DIR}/${FRAMEWORKS_FOLDER_PATH}/DynamicBlurView.framework",
				"${TARGET_BUILD_DIR}/${FRAMEWORKS_FOLDER_PATH}/IQKeyboardManagerSwift.framework",
				"${TARGET_BUILD_DIR}/${FRAMEWORKS_FOLDER_PATH}/NVActivityIndicatorView.framework",
				"${TARGET_BUILD_DIR}/${FRAMEWORKS_FOLDER_PATH}/SQLite.framework",
				"${TARGET_BUILD_DIR}/${FRAMEWORKS_FOLDER_PATH}/SkyFloatingLabelTextField.framework",
				"${TARGET_BUILD_DIR}/${FRAMEWORKS_FOLDER_PATH}/YoutubePlayerView.framework",
			);
			runOnlyForDeploymentPostprocessing = 0;
			shellPath = /bin/sh;
			shellScript = "\"${SRCROOT}/Pods/Target Support Files/Pods-Tastebuds/Pods-Tastebuds-frameworks.sh\"\n";
			showEnvVarsInLog = 0;
		};
		3A769BDF50B807670C57F533 /* [CP] Check Pods Manifest.lock */ = {
			isa = PBXShellScriptBuildPhase;
			buildActionMask = 2147483647;
			files = (
			);
			inputFileListPaths = (
			);
			inputPaths = (
				"${PODS_PODFILE_DIR_PATH}/Podfile.lock",
				"${PODS_ROOT}/Manifest.lock",
			);
			name = "[CP] Check Pods Manifest.lock";
			outputFileListPaths = (
			);
			outputPaths = (
				"$(DERIVED_FILE_DIR)/Pods-Tastebuds-checkManifestLockResult.txt",
			);
			runOnlyForDeploymentPostprocessing = 0;
			shellPath = /bin/sh;
			shellScript = "diff \"${PODS_PODFILE_DIR_PATH}/Podfile.lock\" \"${PODS_ROOT}/Manifest.lock\" > /dev/null\nif [ $? != 0 ] ; then\n    # print error to STDERR\n    echo \"error: The sandbox is not in sync with the Podfile.lock. Run 'pod install' or update your CocoaPods installation.\" >&2\n    exit 1\nfi\n# This output is used by Xcode 'outputs' to avoid re-running this script phase.\necho \"SUCCESS\" > \"${SCRIPT_OUTPUT_FILE_0}\"\n";
			showEnvVarsInLog = 0;
		};
/* End PBXShellScriptBuildPhase section */

/* Begin PBXSourcesBuildPhase section */
		7A75B5D0239AB8CE007043D4 /* Sources */ = {
			isa = PBXSourcesBuildPhase;
			buildActionMask = 2147483647;
			files = (
				7A4F4317239B26B5001BC31A /* TasteDB.swift in Sources */,
				7A75B5DC239AB8CE007043D4 /* ViewController.swift in Sources */,
				7A4F4311239B0521001BC31A /* CategoriesTableViewController.swift in Sources */,
				7A75B5D8239AB8CE007043D4 /* AppDelegate.swift in Sources */,
				7A75B5FE239AEED4007043D4 /* ProfileViewController.swift in Sources */,
				7A3C0DC2239AFC3200A641DA /* ProfileTableViewCell.swift in Sources */,
				7A75B5EE239AD443007043D4 /* TasteMakeViewController.swift in Sources */,
				7A4F430F239B03E3001BC31A /* MakeTasteViewController.swift in Sources */,
				7AB0DF60239B38CF006B5456 /* Extentions.swift in Sources */,
				7A75B5DA239AB8CE007043D4 /* SceneDelegate.swift in Sources */,
				7A75B5FC239AE269007043D4 /* VoteViewController.swift in Sources */,
				7A75B5F2239AD612007043D4 /* CategoryTableViewCell.swift in Sources */,
				7A75B5F4239ADD62007043D4 /* Category.swift in Sources */,
			);
			runOnlyForDeploymentPostprocessing = 0;
		};
/* End PBXSourcesBuildPhase section */

/* Begin PBXVariantGroup section */
		7A75B5DD239AB8CE007043D4 /* Main.storyboard */ = {
			isa = PBXVariantGroup;
			children = (
				7A75B5DE239AB8CE007043D4 /* Base */,
			);
			name = Main.storyboard;
			sourceTree = "<group>";
		};
		7A75B5E2239AB8CF007043D4 /* LaunchScreen.storyboard */ = {
			isa = PBXVariantGroup;
			children = (
				7A75B5E3239AB8CF007043D4 /* Base */,
			);
			name = LaunchScreen.storyboard;
			sourceTree = "<group>";
		};
/* End PBXVariantGroup section */

/* Begin XCBuildConfiguration section */
		7A75B5E6239AB8CF007043D4 /* Debug */ = {
			isa = XCBuildConfiguration;
			buildSettings = {
				ALWAYS_SEARCH_USER_PATHS = NO;
				CLANG_ANALYZER_NONNULL = YES;
				CLANG_ANALYZER_NUMBER_OBJECT_CONVERSION = YES_AGGRESSIVE;
				CLANG_CXX_LANGUAGE_STANDARD = "gnu++14";
				CLANG_CXX_LIBRARY = "libc++";
				CLANG_ENABLE_MODULES = YES;
				CLANG_ENABLE_OBJC_ARC = YES;
				CLANG_ENABLE_OBJC_WEAK = YES;
				CLANG_WARN_BLOCK_CAPTURE_AUTORELEASING = YES;
				CLANG_WARN_BOOL_CONVERSION = YES;
				CLANG_WARN_COMMA = YES;
				CLANG_WARN_CONSTANT_CONVERSION = YES;
				CLANG_WARN_DEPRECATED_OBJC_IMPLEMENTATIONS = YES;
				CLANG_WARN_DIRECT_OBJC_ISA_USAGE = YES_ERROR;
				CLANG_WARN_DOCUMENTATION_COMMENTS = YES;
				CLANG_WARN_EMPTY_BODY = YES;
				CLANG_WARN_ENUM_CONVERSION = YES;
				CLANG_WARN_INFINITE_RECURSION = YES;
				CLANG_WARN_INT_CONVERSION = YES;
				CLANG_WARN_NON_LITERAL_NULL_CONVERSION = YES;
				CLANG_WARN_OBJC_IMPLICIT_RETAIN_SELF = YES;
				CLANG_WARN_OBJC_LITERAL_CONVERSION = YES;
				CLANG_WARN_OBJC_ROOT_CLASS = YES_ERROR;
				CLANG_WARN_RANGE_LOOP_ANALYSIS = YES;
				CLANG_WARN_STRICT_PROTOTYPES = YES;
				CLANG_WARN_SUSPICIOUS_MOVE = YES;
				CLANG_WARN_UNGUARDED_AVAILABILITY = YES_AGGRESSIVE;
				CLANG_WARN_UNREACHABLE_CODE = YES;
				CLANG_WARN__DUPLICATE_METHOD_MATCH = YES;
				COPY_PHASE_STRIP = NO;
				DEBUG_INFORMATION_FORMAT = dwarf;
				ENABLE_STRICT_OBJC_MSGSEND = YES;
				ENABLE_TESTABILITY = YES;
				GCC_C_LANGUAGE_STANDARD = gnu11;
				GCC_DYNAMIC_NO_PIC = NO;
				GCC_NO_COMMON_BLOCKS = YES;
				GCC_OPTIMIZATION_LEVEL = 0;
				GCC_PREPROCESSOR_DEFINITIONS = (
					"DEBUG=1",
					"$(inherited)",
				);
				GCC_WARN_64_TO_32_BIT_CONVERSION = YES;
				GCC_WARN_ABOUT_RETURN_TYPE = YES_ERROR;
				GCC_WARN_UNDECLARED_SELECTOR = YES;
				GCC_WARN_UNINITIALIZED_AUTOS = YES_AGGRESSIVE;
				GCC_WARN_UNUSED_FUNCTION = YES;
				GCC_WARN_UNUSED_VARIABLE = YES;
				IPHONEOS_DEPLOYMENT_TARGET = 13.2;
				MTL_ENABLE_DEBUG_INFO = INCLUDE_SOURCE;
				MTL_FAST_MATH = YES;
				ONLY_ACTIVE_ARCH = YES;
				SDKROOT = iphoneos;
				SWIFT_ACTIVE_COMPILATION_CONDITIONS = DEBUG;
				SWIFT_OPTIMIZATION_LEVEL = "-Onone";
			};
			name = Debug;
		};
		7A75B5E7239AB8CF007043D4 /* Release */ = {
			isa = XCBuildConfiguration;
			buildSettings = {
				ALWAYS_SEARCH_USER_PATHS = NO;
				CLANG_ANALYZER_NONNULL = YES;
				CLANG_ANALYZER_NUMBER_OBJECT_CONVERSION = YES_AGGRESSIVE;
				CLANG_CXX_LANGUAGE_STANDARD = "gnu++14";
				CLANG_CXX_LIBRARY = "libc++";
				CLANG_ENABLE_MODULES = YES;
				CLANG_ENABLE_OBJC_ARC = YES;
				CLANG_ENABLE_OBJC_WEAK = YES;
				CLANG_WARN_BLOCK_CAPTURE_AUTORELEASING = YES;
				CLANG_WARN_BOOL_CONVERSION = YES;
				CLANG_WARN_COMMA = YES;
				CLANG_WARN_CONSTANT_CONVERSION = YES;
				CLANG_WARN_DEPRECATED_OBJC_IMPLEMENTATIONS = YES;
				CLANG_WARN_DIRECT_OBJC_ISA_USAGE = YES_ERROR;
				CLANG_WARN_DOCUMENTATION_COMMENTS = YES;
				CLANG_WARN_EMPTY_BODY = YES;
				CLANG_WARN_ENUM_CONVERSION = YES;
				CLANG_WARN_INFINITE_RECURSION = YES;
				CLANG_WARN_INT_CONVERSION = YES;
				CLANG_WARN_NON_LITERAL_NULL_CONVERSION = YES;
				CLANG_WARN_OBJC_IMPLICIT_RETAIN_SELF = YES;
				CLANG_WARN_OBJC_LITERAL_CONVERSION = YES;
				CLANG_WARN_OBJC_ROOT_CLASS = YES_ERROR;
				CLANG_WARN_RANGE_LOOP_ANALYSIS = YES;
				CLANG_WARN_STRICT_PROTOTYPES = YES;
				CLANG_WARN_SUSPICIOUS_MOVE = YES;
				CLANG_WARN_UNGUARDED_AVAILABILITY = YES_AGGRESSIVE;
				CLANG_WARN_UNREACHABLE_CODE = YES;
				CLANG_WARN__DUPLICATE_METHOD_MATCH = YES;
				COPY_PHASE_STRIP = NO;
				DEBUG_INFORMATION_FORMAT = "dwarf-with-dsym";
				ENABLE_NS_ASSERTIONS = NO;
				ENABLE_STRICT_OBJC_MSGSEND = YES;
				GCC_C_LANGUAGE_STANDARD = gnu11;
				GCC_NO_COMMON_BLOCKS = YES;
				GCC_WARN_64_TO_32_BIT_CONVERSION = YES;
				GCC_WARN_ABOUT_RETURN_TYPE = YES_ERROR;
				GCC_WARN_UNDECLARED_SELECTOR = YES;
				GCC_WARN_UNINITIALIZED_AUTOS = YES_AGGRESSIVE;
				GCC_WARN_UNUSED_FUNCTION = YES;
				GCC_WARN_UNUSED_VARIABLE = YES;
				IPHONEOS_DEPLOYMENT_TARGET = 13.2;
				MTL_ENABLE_DEBUG_INFO = NO;
				MTL_FAST_MATH = YES;
				SDKROOT = iphoneos;
				SWIFT_COMPILATION_MODE = wholemodule;
				SWIFT_OPTIMIZATION_LEVEL = "-O";
				VALIDATE_PRODUCT = YES;
			};
			name = Release;
		};
		7A75B5E9239AB8CF007043D4 /* Debug */ = {
			isa = XCBuildConfiguration;
			baseConfigurationReference = 80F3DD91F444235D64549EB7 /* Pods-Tastebuds.debug.xcconfig */;
			buildSettings = {
				ASSETCATALOG_COMPILER_APPICON_NAME = AppIcon;
				CODE_SIGN_STYLE = Automatic;
				INFOPLIST_FILE = Tastebuds/Info.plist;
				LD_RUNPATH_SEARCH_PATHS = (
					"$(inherited)",
					"@executable_path/Frameworks",
				);
				PRODUCT_BUNDLE_IDENTIFIER = com.iforsan.Tastebuds;
				PRODUCT_NAME = "$(TARGET_NAME)";
				SWIFT_VERSION = 5.0;
				TARGETED_DEVICE_FAMILY = 1;
			};
			name = Debug;
		};
		7A75B5EA239AB8CF007043D4 /* Release */ = {
			isa = XCBuildConfiguration;
			baseConfigurationReference = 3CB067F936E45468E0D6A362 /* Pods-Tastebuds.release.xcconfig */;
			buildSettings = {
				ASSETCATALOG_COMPILER_APPICON_NAME = AppIcon;
				CODE_SIGN_STYLE = Automatic;
				INFOPLIST_FILE = Tastebuds/Info.plist;
				LD_RUNPATH_SEARCH_PATHS = (
					"$(inherited)",
					"@executable_path/Frameworks",
				);
				PRODUCT_BUNDLE_IDENTIFIER = com.iforsan.Tastebuds;
				PRODUCT_NAME = "$(TARGET_NAME)";
				SWIFT_VERSION = 5.0;
				TARGETED_DEVICE_FAMILY = 1;
			};
			name = Release;
		};
/* End XCBuildConfiguration section */

/* Begin XCConfigurationList section */
		7A75B5CF239AB8CE007043D4 /* Build configuration list for PBXProject "Tastebuds" */ = {
			isa = XCConfigurationList;
			buildConfigurations = (
				7A75B5E6239AB8CF007043D4 /* Debug */,
				7A75B5E7239AB8CF007043D4 /* Release */,
			);
			defaultConfigurationIsVisible = 0;
			defaultConfigurationName = Release;
		};
		7A75B5E8239AB8CF007043D4 /* Build configuration list for PBXNativeTarget "Tastebuds" */ = {
			isa = XCConfigurationList;
			buildConfigurations = (
				7A75B5E9239AB8CF007043D4 /* Debug */,
				7A75B5EA239AB8CF007043D4 /* Release */,
			);
			defaultConfigurationIsVisible = 0;
			defaultConfigurationName = Release;
		};
/* End XCConfigurationList section */
	};
	rootObject = 7A75B5CC239AB8CE007043D4 /* Project object */;
}
